// !$*UTF8*$!
{
	archiveVersion = 1;
	classes = {
	};
	objectVersion = 46;
	objects = {

/* Begin PBXBuildFile section */
		2B135A9A1CBE71B4001B1012 /* AppDelegate.swift in Sources */ = {isa = PBXBuildFile; fileRef = 2B135A991CBE71B4001B1012 /* AppDelegate.swift */; };
		2B135A9C1CBE71B4001B1012 /* ViewController.swift in Sources */ = {isa = PBXBuildFile; fileRef = 2B135A9B1CBE71B4001B1012 /* ViewController.swift */; };
		2B135A9F1CBE71B4001B1012 /* Main.storyboard in Resources */ = {isa = PBXBuildFile; fileRef = 2B135A9D1CBE71B4001B1012 /* Main.storyboard */; };
		2B135AA11CBE71B4001B1012 /* Assets.xcassets in Resources */ = {isa = PBXBuildFile; fileRef = 2B135AA01CBE71B4001B1012 /* Assets.xcassets */; };
		2B135AA41CBE71B4001B1012 /* LaunchScreen.storyboard in Resources */ = {isa = PBXBuildFile; fileRef = 2B135AA21CBE71B4001B1012 /* LaunchScreen.storyboard */; };
		2B135AAF1CBE71B4001B1012 /* BruteDCTests.swift in Sources */ = {isa = PBXBuildFile; fileRef = 2B135AAE1CBE71B4001B1012 /* BruteDCTests.swift */; };
		2B135ABA1CBE71B4001B1012 /* BruteDCUITests.swift in Sources */ = {isa = PBXBuildFile; fileRef = 2B135AB91CBE71B4001B1012 /* BruteDCUITests.swift */; };
/* End PBXBuildFile section */

/* Begin PBXContainerItemProxy section */
		2B135AAB1CBE71B4001B1012 /* PBXContainerItemProxy */ = {
			isa = PBXContainerItemProxy;
			containerPortal = 2B135A8E1CBE71B4001B1012 /* Project object */;
			proxyType = 1;
			remoteGlobalIDString = 2B135A951CBE71B4001B1012;
			remoteInfo = BruteDC;
		};
		2B135AB61CBE71B4001B1012 /* PBXContainerItemProxy */ = {
			isa = PBXContainerItemProxy;
			containerPortal = 2B135A8E1CBE71B4001B1012 /* Project object */;
			proxyType = 1;
			remoteGlobalIDString = 2B135A951CBE71B4001B1012;
			remoteInfo = BruteDC;
		};
/* End PBXContainerItemProxy section */

/* Begin PBXFileReference section */
		2B135A961CBE71B4001B1012 /* BruteDC.app */ = {isa = PBXFileReference; explicitFileType = wrapper.application; includeInIndex = 0; path = BruteDC.app; sourceTree = BUILT_PRODUCTS_DIR; };
		2B135A991CBE71B4001B1012 /* AppDelegate.swift */ = {isa = PBXFileReference; lastKnownFileType = sourcecode.swift; path = AppDelegate.swift; sourceTree = "<group>"; };
		2B135A9B1CBE71B4001B1012 /* ViewController.swift */ = {isa = PBXFileReference; lastKnownFileType = sourcecode.swift; path = ViewController.swift; sourceTree = "<group>"; };
		2B135A9E1CBE71B4001B1012 /* Base */ = {isa = PBXFileReference; lastKnownFileType = file.storyboard; name = Base; path = Base.lproj/Main.storyboard; sourceTree = "<group>"; };
		2B135AA01CBE71B4001B1012 /* Assets.xcassets */ = {isa = PBXFileReference; lastKnownFileType = folder.assetcatalog; path = Assets.xcassets; sourceTree = "<group>"; };
		2B135AA31CBE71B4001B1012 /* Base */ = {isa = PBXFileReference; lastKnownFileType = file.storyboard; name = Base; path = Base.lproj/LaunchScreen.storyboard; sourceTree = "<group>"; };
		2B135AA51CBE71B4001B1012 /* Info.plist */ = {isa = PBXFileReference; lastKnownFileType = text.plist.xml; path = Info.plist; sourceTree = "<group>"; };
		2B135AAA1CBE71B4001B1012 /* BruteDCTests.xctest */ = {isa = PBXFileReference; explicitFileType = wrapper.cfbundle; includeInIndex = 0; path = BruteDCTests.xctest; sourceTree = BUILT_PRODUCTS_DIR; };
		2B135AAE1CBE71B4001B1012 /* BruteDCTests.swift */ = {isa = PBXFileReference; lastKnownFileType = sourcecode.swift; path = BruteDCTests.swift; sourceTree = "<group>"; };
		2B135AB01CBE71B4001B1012 /* Info.plist */ = {isa = PBXFileReference; lastKnownFileType = text.plist.xml; path = Info.plist; sourceTree = "<group>"; };
		2B135AB51CBE71B4001B1012 /* BruteDCUITests.xctest */ = {isa = PBXFileReference; explicitFileType = wrapper.cfbundle; includeInIndex = 0; path = BruteDCUITests.xctest; sourceTree = BUILT_PRODUCTS_DIR; };
		2B135AB91CBE71B4001B1012 /* BruteDCUITests.swift */ = {isa = PBXFileReference; lastKnownFileType = sourcecode.swift; path = BruteDCUITests.swift; sourceTree = "<group>"; };
		2B135ABB1CBE71B4001B1012 /* Info.plist */ = {isa = PBXFileReference; lastKnownFileType = text.plist.xml; path = Info.plist; sourceTree = "<group>"; };
/* End PBXFileReference section */

/* Begin PBXFrameworksBuildPhase section */
		2B135A931CBE71B4001B1012 /* Frameworks */ = {
			isa = PBXFrameworksBuildPhase;
			buildActionMask = 2147483647;
			files = (
			);
			runOnlyForDeploymentPostprocessing = 0;
		};
		2B135AA71CBE71B4001B1012 /* Frameworks */ = {
			isa = PBXFrameworksBuildPhase;
			buildActionMask = 2147483647;
			files = (
			);
			runOnlyForDeploymentPostprocessing = 0;
		};
		2B135AB21CBE71B4001B1012 /* Frameworks */ = {
			isa = PBXFrameworksBuildPhase;
			buildActionMask = 2147483647;
			files = (
			);
			runOnlyForDeploymentPostprocessing = 0;
		};
/* End PBXFrameworksBuildPhase section */

/* Begin PBXGroup section */
		2B135A8D1CBE71B4001B1012 = {
			isa = PBXGroup;
			children = (
				2B135A981CBE71B4001B1012 /* BruteDC */,
				2B135AAD1CBE71B4001B1012 /* BruteDCTests */,
				2B135AB81CBE71B4001B1012 /* BruteDCUITests */,
				2B135A971CBE71B4001B1012 /* Products */,
			);
			sourceTree = "<group>";
		};
		2B135A971CBE71B4001B1012 /* Products */ = {
			isa = PBXGroup;
			children = (
				2B135A961CBE71B4001B1012 /* BruteDC.app */,
				2B135AAA1CBE71B4001B1012 /* BruteDCTests.xctest */,
				2B135AB51CBE71B4001B1012 /* BruteDCUITests.xctest */,
			);
			name = Products;
			sourceTree = "<group>";
		};
		2B135A981CBE71B4001B1012 /* BruteDC */ = {
			isa = PBXGroup;
			children = (
				2B135A991CBE71B4001B1012 /* AppDelegate.swift */,
				2B135A9B1CBE71B4001B1012 /* ViewController.swift */,
				2B135A9D1CBE71B4001B1012 /* Main.storyboard */,
				2B135AA01CBE71B4001B1012 /* Assets.xcassets */,
				2B135AA21CBE71B4001B1012 /* LaunchScreen.storyboard */,
				2B135AA51CBE71B4001B1012 /* Info.plist */,
			);
			path = BruteDC;
			sourceTree = "<group>";
		};
		2B135AAD1CBE71B4001B1012 /* BruteDCTests */ = {
			isa = PBXGroup;
			children = (
				2B135AAE1CBE71B4001B1012 /* BruteDCTests.swift */,
				2B135AB01CBE71B4001B1012 /* Info.plist */,
			);
			path = BruteDCTests;
			sourceTree = "<group>";
		};
		2B135AB81CBE71B4001B1012 /* BruteDCUITests */ = {
			isa = PBXGroup;
			children = (
				2B135AB91CBE71B4001B1012 /* BruteDCUITests.swift */,
				2B135ABB1CBE71B4001B1012 /* Info.plist */,
			);
			path = BruteDCUITests;
			sourceTree = "<group>";
		};
/* End PBXGroup section */

/* Begin PBXNativeTarget section */
		2B135A951CBE71B4001B1012 /* BruteDC */ = {
			isa = PBXNativeTarget;
			buildConfigurationList = 2B135ABE1CBE71B4001B1012 /* Build configuration list for PBXNativeTarget "BruteDC" */;
			buildPhases = (
				2B135A921CBE71B4001B1012 /* Sources */,
				2B135A931CBE71B4001B1012 /* Frameworks */,
				2B135A941CBE71B4001B1012 /* Resources */,
			);
			buildRules = (
			);
			dependencies = (
			);
			name = BruteDC;
			productName = BruteDC;
			productReference = 2B135A961CBE71B4001B1012 /* BruteDC.app */;
			productType = "com.apple.product-type.application";
		};
		2B135AA91CBE71B4001B1012 /* BruteDCTests */ = {
			isa = PBXNativeTarget;
			buildConfigurationList = 2B135AC11CBE71B4001B1012 /* Build configuration list for PBXNativeTarget "BruteDCTests" */;
			buildPhases = (
				2B135AA61CBE71B4001B1012 /* Sources */,
				2B135AA71CBE71B4001B1012 /* Frameworks */,
				2B135AA81CBE71B4001B1012 /* Resources */,
			);
			buildRules = (
			);
			dependencies = (
				2B135AAC1CBE71B4001B1012 /* PBXTargetDependency */,
			);
			name = BruteDCTests;
			productName = BruteDCTests;
			productReference = 2B135AAA1CBE71B4001B1012 /* BruteDCTests.xctest */;
			productType = "com.apple.product-type.bundle.unit-test";
		};
		2B135AB41CBE71B4001B1012 /* BruteDCUITests */ = {
			isa = PBXNativeTarget;
			buildConfigurationList = 2B135AC41CBE71B4001B1012 /* Build configuration list for PBXNativeTarget "BruteDCUITests" */;
			buildPhases = (
				2B135AB11CBE71B4001B1012 /* Sources */,
				2B135AB21CBE71B4001B1012 /* Frameworks */,
				2B135AB31CBE71B4001B1012 /* Resources */,
			);
			buildRules = (
			);
			dependencies = (
				2B135AB71CBE71B4001B1012 /* PBXTargetDependency */,
			);
			name = BruteDCUITests;
			productName = BruteDCUITests;
			productReference = 2B135AB51CBE71B4001B1012 /* BruteDCUITests.xctest */;
			productType = "com.apple.product-type.bundle.ui-testing";
		};
/* End PBXNativeTarget section */

/* Begin PBXProject section */
		2B135A8E1CBE71B4001B1012 /* Project object */ = {
			isa = PBXProject;
			attributes = {
				LastSwiftUpdateCheck = 0720;
				LastUpgradeCheck = 0720;
				ORGANIZATIONNAME = "Parag Nandi";
				TargetAttributes = {
					2B135A951CBE71B4001B1012 = {
						CreatedOnToolsVersion = 7.2;
						DevelopmentTeam = WQ5QRHU3Z7;
					};
					2B135AA91CBE71B4001B1012 = {
						CreatedOnToolsVersion = 7.2;
						DevelopmentTeam = WQ5QRHU3Z7;
						TestTargetID = 2B135A951CBE71B4001B1012;
					};
					2B135AB41CBE71B4001B1012 = {
						CreatedOnToolsVersion = 7.2;
						DevelopmentTeam = WQ5QRHU3Z7;
						TestTargetID = 2B135A951CBE71B4001B1012;
					};
				};
			};
			buildConfigurationList = 2B135A911CBE71B4001B1012 /* Build configuration list for PBXProject "BruteDC" */;
			compatibilityVersion = "Xcode 3.2";
			developmentRegion = English;
			hasScannedForEncodings = 0;
			knownRegions = (
				en,
				Base,
			);
			mainGroup = 2B135A8D1CBE71B4001B1012;
			productRefGroup = 2B135A971CBE71B4001B1012 /* Products */;
			projectDirPath = "";
			projectRoot = "";
			targets = (
				2B135A951CBE71B4001B1012 /* BruteDC */,
				2B135AA91CBE71B4001B1012 /* BruteDCTests */,
				2B135AB41CBE71B4001B1012 /* BruteDCUITests */,
			);
		};
/* End PBXProject section */

/* Begin PBXResourcesBuildPhase section */
		2B135A941CBE71B4001B1012 /* Resources */ = {
			isa = PBXResourcesBuildPhase;
			buildActionMask = 2147483647;
			files = (
				2B135AA41CBE71B4001B1012 /* LaunchScreen.storyboard in Resources */,
				2B135AA11CBE71B4001B1012 /* Assets.xcassets in Resources */,
				2B135A9F1CBE71B4001B1012 /* Main.storyboard in Resources */,
			);
			runOnlyForDeploymentPostprocessing = 0;
		};
		2B135AA81CBE71B4001B1012 /* Resources */ = {
			isa = PBXResourcesBuildPhase;
			buildActionMask = 2147483647;
			files = (
			);
			runOnlyForDeploymentPostprocessing = 0;
		};
		2B135AB31CBE71B4001B1012 /* Resources */ = {
			isa = PBXResourcesBuildPhase;
			buildActionMask = 2147483647;
			files = (
			);
			runOnlyForDeploymentPostprocessing = 0;
		};
/* End PBXResourcesBuildPhase section */

/* Begin PBXSourcesBuildPhase section */
		2B135A921CBE71B4001B1012 /* Sources */ = {
			isa = PBXSourcesBuildPhase;
			buildActionMask = 2147483647;
			files = (
				2B135A9C1CBE71B4001B1012 /* ViewController.swift in Sources */,
				2B135A9A1CBE71B4001B1012 /* AppDelegate.swift in Sources */,
			);
			runOnlyForDeploymentPostprocessing = 0;
		};
		2B135AA61CBE71B4001B1012 /* Sources */ = {
			isa = PBXSourcesBuildPhase;
			buildActionMask = 2147483647;
			files = (
				2B135AAF1CBE71B4001B1012 /* BruteDCTests.swift in Sources */,
			);
			runOnlyForDeploymentPostprocessing = 0;
		};
		2B135AB11CBE71B4001B1012 /* Sources */ = {
			isa = PBXSourcesBuildPhase;
			buildActionMask = 2147483647;
			files = (
				2B135ABA1CBE71B4001B1012 /* BruteDCUITests.swift in Sources */,
			);
			runOnlyForDeploymentPostprocessing = 0;
		};
/* End PBXSourcesBuildPhase section */

/* Begin PBXTargetDependency section */
		2B135AAC1CBE71B4001B1012 /* PBXTargetDependency */ = {
			isa = PBXTargetDependency;
			target = 2B135A951CBE71B4001B1012 /* BruteDC */;
			targetProxy = 2B135AAB1CBE71B4001B1012 /* PBXContainerItemProxy */;
		};
		2B135AB71CBE71B4001B1012 /* PBXTargetDependency */ = {
			isa = PBXTargetDependency;
			target = 2B135A951CBE71B4001B1012 /* BruteDC */;
			targetProxy = 2B135AB61CBE71B4001B1012 /* PBXContainerItemProxy */;
		};
/* End PBXTargetDependency section */

/* Begin PBXVariantGroup section */
		2B135A9D1CBE71B4001B1012 /* Main.storyboard */ = {
			isa = PBXVariantGroup;
			children = (
				2B135A9E1CBE71B4001B1012 /* Base */,
			);
			name = Main.storyboard;
			sourceTree = "<group>";
		};
		2B135AA21CBE71B4001B1012 /* LaunchScreen.storyboard */ = {
			isa = PBXVariantGroup;
			children = (
				2B135AA31CBE71B4001B1012 /* Base */,
			);
			name = LaunchScreen.storyboard;
			sourceTree = "<group>";
		};
/* End PBXVariantGroup section */

/* Begin XCBuildConfiguration section */
		2B135ABC1CBE71B4001B1012 /* Debug */ = {
			isa = XCBuildConfiguration;
			buildSettings = {
				ALWAYS_SEARCH_USER_PATHS = NO;
				CLANG_CXX_LANGUAGE_STANDARD = "gnu++0x";
				CLANG_CXX_LIBRARY = "libc++";
				CLANG_ENABLE_MODULES = YES;
				CLANG_ENABLE_OBJC_ARC = YES;
				CLANG_WARN_BOOL_CONVERSION = YES;
				CLANG_WARN_CONSTANT_CONVERSION = YES;
				CLANG_WARN_DIRECT_OBJC_ISA_USAGE = YES_ERROR;
				CLANG_WARN_EMPTY_BODY = YES;
				CLANG_WARN_ENUM_CONVERSION = YES;
				CLANG_WARN_INT_CONVERSION = YES;
				CLANG_WARN_OBJC_ROOT_CLASS = YES_ERROR;
				CLANG_WARN_UNREACHABLE_CODE = YES;
				CLANG_WARN__DUPLICATE_METHOD_MATCH = YES;
				"CODE_SIGN_IDENTITY[sdk=iphoneos*]" = "iPhone Developer";
				COPY_PHASE_STRIP = NO;
				DEBUG_INFORMATION_FORMAT = dwarf;
				ENABLE_STRICT_OBJC_MSGSEND = YES;
				ENABLE_TESTABILITY = YES;
				GCC_C_LANGUAGE_STANDARD = gnu99;
				GCC_DYNAMIC_NO_PIC = NO;
				GCC_NO_COMMON_BLOCKS = YES;
				GCC_OPTIMIZATION_LEVEL = 0;
				GCC_PREPROCESSOR_DEFINITIONS = (
					"DEBUG=1",
					"$(inherited)",
				);
				GCC_WARN_64_TO_32_BIT_CONVERSION = YES;
				GCC_WARN_ABOUT_RETURN_TYPE = YES_ERROR;
				GCC_WARN_UNDECLARED_SELECTOR = YES;
				GCC_WARN_UNINITIALIZED_AUTOS = YES_AGGRESSIVE;
				GCC_WARN_UNUSED_FUNCTION = YES;
				GCC_WARN_UNUSED_VARIABLE = YES;
				IPHONEOS_DEPLOYMENT_TARGET = 9.2;
				MTL_ENABLE_DEBUG_INFO = YES;
				ONLY_ACTIVE_ARCH = YES;
				SDKROOT = iphoneos;
				SWIFT_OPTIMIZATION_LEVEL = "-Onone";
			};
			name = Debug;
		};
		2B135ABD1CBE71B4001B1012 /* Release */ = {
			isa = XCBuildConfiguration;
			buildSettings = {
				ALWAYS_SEARCH_USER_PATHS = NO;
				CLANG_CXX_LANGUAGE_STANDARD = "gnu++0x";
				CLANG_CXX_LIBRARY = "libc++";
				CLANG_ENABLE_MODULES = YES;
				CLANG_ENABLE_OBJC_ARC = YES;
				CLANG_WARN_BOOL_CONVERSION = YES;
				CLANG_WARN_CONSTANT_CONVERSION = YES;
				CLANG_WARN_DIRECT_OBJC_ISA_USAGE = YES_ERROR;
				CLANG_WARN_EMPTY_BODY = YES;
				CLANG_WARN_ENUM_CONVERSION = YES;
				CLANG_WARN_INT_CONVERSION = YES;
				CLANG_WARN_OBJC_ROOT_CLASS = YES_ERROR;
				CLANG_WARN_UNREACHABLE_CODE = YES;
				CLANG_WARN__DUPLICATE_METHOD_MATCH = YES;
				"CODE_SIGN_IDENTITY[sdk=iphoneos*]" = "iPhone Developer";
				COPY_PHASE_STRIP = NO;
				DEBUG_INFORMATION_FORMAT = "dwarf-with-dsym";
				ENABLE_NS_ASSERTIONS = NO;
				ENABLE_STRICT_OBJC_MSGSEND = YES;
				GCC_C_LANGUAGE_STANDARD = gnu99;
				GCC_NO_COMMON_BLOCKS = YES;
				GCC_WARN_64_TO_32_BIT_CONVERSION = YES;
				GCC_WARN_ABOUT_RETURN_TYPE = YES_ERROR;
				GCC_WARN_UNDECLARED_SELECTOR = YES;
				GCC_WARN_UNINITIALIZED_AUTOS = YES_AGGRESSIVE;
				GCC_WARN_UNUSED_FUNCTION = YES;
				GCC_WARN_UNUSED_VARIABLE = YES;
				IPHONEOS_DEPLOYMENT_TARGET = 9.2;
				MTL_ENABLE_DEBUG_INFO = NO;
				SDKROOT = iphoneos;
				VALIDATE_PRODUCT = YES;
			};
			name = Release;
		};
		2B135ABF1CBE71B4001B1012 /* Debug */ = {
			isa = XCBuildConfiguration;
			buildSettings = {
				ASSETCATALOG_COMPILER_APPICON_NAME = AppIcon;
				INFOPLIST_FILE = BruteDC/Info.plist;
				LD_RUNPATH_SEARCH_PATHS = "$(inherited) @executable_path/Frameworks";
				PRODUCT_BUNDLE_IDENTIFIER = com.SDSLabs.BruteDC;
				PRODUCT_NAME = "$(TARGET_NAME)";
			};
			name = Debug;
		};
		2B135AC01CBE71B4001B1012 /* Release */ = {
			isa = XCBuildConfiguration;
			buildSettings = {
				ASSETCATALOG_COMPILER_APPICON_NAME = AppIcon;
				INFOPLIST_FILE = BruteDC/Info.plist;
				LD_RUNPATH_SEARCH_PATHS = "$(inherited) @executable_path/Frameworks";
				PRODUCT_BUNDLE_IDENTIFIER = com.SDSLabs.BruteDC;
				PRODUCT_NAME = "$(TARGET_NAME)";
			};
			name = Release;
		};
		2B135AC21CBE71B4001B1012 /* Debug */ = {
			isa = XCBuildConfiguration;
			buildSettings = {
				BUNDLE_LOADER = "$(TEST_HOST)";
				INFOPLIST_FILE = BruteDCTests/Info.plist;
				LD_RUNPATH_SEARCH_PATHS = "$(inherited) @executable_path/Frameworks @loader_path/Frameworks";
				PRODUCT_BUNDLE_IDENTIFIER = com.SDSLabs.BruteDCTests;
				PRODUCT_NAME = "$(TARGET_NAME)";
				TEST_HOST = "$(BUILT_PRODUCTS_DIR)/BruteDC.app/BruteDC";
			};
			name = Debug;
		};
		2B135AC31CBE71B4001B1012 /* Release */ = {
			isa = XCBuildConfiguration;
			buildSettings = {
				BUNDLE_LOADER = "$(TEST_HOST)";
				INFOPLIST_FILE = BruteDCTests/Info.plist;
				LD_RUNPATH_SEARCH_PATHS = "$(inherited) @executable_path/Frameworks @loader_path/Frameworks";
				PRODUCT_BUNDLE_IDENTIFIER = com.SDSLabs.BruteDCTests;
				PRODUCT_NAME = "$(TARGET_NAME)";
				TEST_HOST = "$(BUILT_PRODUCTS_DIR)/BruteDC.app/BruteDC";
			};
			name = Release;
		};
		2B135AC51CBE71B4001B1012 /* Debug */ = {
			isa = XCBuildConfiguration;
			buildSettings = {
				INFOPLIST_FILE = BruteDCUITests/Info.plist;
				LD_RUNPATH_SEARCH_PATHS = "$(inherited) @executable_path/Frameworks @loader_path/Frameworks";
				PRODUCT_BUNDLE_IDENTIFIER = com.SDSLabs.BruteDCUITests;
				PRODUCT_NAME = "$(TARGET_NAME)";
				TEST_TARGET_NAME = BruteDC;
				USES_XCTRUNNER = YES;
			};
			name = Debug;
		};
		2B135AC61CBE71B4001B1012 /* Release */ = {
			isa = XCBuildConfiguration;
			buildSettings = {
				INFOPLIST_FILE = BruteDCUITests/Info.plist;
				LD_RUNPATH_SEARCH_PATHS = "$(inherited) @executable_path/Frameworks @loader_path/Frameworks";
				PRODUCT_BUNDLE_IDENTIFIER = com.SDSLabs.BruteDCUITests;
				PRODUCT_NAME = "$(TARGET_NAME)";
				TEST_TARGET_NAME = BruteDC;
				USES_XCTRUNNER = YES;
			};
			name = Release;
		};
/* End XCBuildConfiguration section */

/* Begin XCConfigurationList section */
		2B135A911CBE71B4001B1012 /* Build configuration list for PBXProject "BruteDC" */ = {
			isa = XCConfigurationList;
			buildConfigurations = (
				2B135ABC1CBE71B4001B1012 /* Debug */,
				2B135ABD1CBE71B4001B1012 /* Release */,
			);
			defaultConfigurationIsVisible = 0;
			defaultConfigurationName = Release;
		};
		2B135ABE1CBE71B4001B1012 /* Build configuration list for PBXNativeTarget "BruteDC" */ = {
			isa = XCConfigurationList;
			buildConfigurations = (
				2B135ABF1CBE71B4001B1012 /* Debug */,
				2B135AC01CBE71B4001B1012 /* Release */,
			);
			defaultConfigurationIsVisible = 0;
		};
		2B135AC11CBE71B4001B1012 /* Build configuration list for PBXNativeTarget "BruteDCTests" */ = {
			isa = XCConfigurationList;
			buildConfigurations = (
				2B135AC21CBE71B4001B1012 /* Debug */,
				2B135AC31CBE71B4001B1012 /* Release */,
			);
			defaultConfigurationIsVisible = 0;
		};
		2B135AC41CBE71B4001B1012 /* Build configuration list for PBXNativeTarget "BruteDCUITests" */ = {
			isa = XCConfigurationList;
			buildConfigurations = (
				2B135AC51CBE71B4001B1012 /* Debug */,
				2B135AC61CBE71B4001B1012 /* Release */,
			);
			defaultConfigurationIsVisible = 0;
		};
/* End XCConfigurationList section */
	};
	rootObject = 2B135A8E1CBE71B4001B1012 /* Project object */;
}
